{
  "lockfileVersion": 1,
  "configVersion": 1,
  "workspaces": {
    "": {
      "name": "bookmarks-index-types",
      "devDependencies": {
        "@trpc/server": "^11.0.0",
        "typescript": "~5.9.3",
      },
      "peerDependencies": {
        "@trpc/server": "^11.0.0",
      },
    },
  },
  "packages": {
    "@trpc/server": ["@trpc/server@11.8.1", "", { "peerDependencies": { "typescript": ">=5.7.2" } }, "sha512-P4rzZRpEL7zDFgjxK65IdyH0e41FMFfTkQkuq0BA5tKcr7E6v9/v38DEklCpoDN6sPiB1Sigy/PUEzHENhswDA=="],

    "typescript": ["typescript@5.9.3", "", { "bin": { "tsc": "bin/tsc", "tsserver": "bin/tsserver" } }, "sha512-jl1vZzPDinLr9eUt3J/t7V6FgNEw9QjvBPdysz9KfQDD41fQrC2Y4vKQdiaUpFT4bXlb1RHhLpp8wtm6M5TgSw=="],
  }
}
